
Microsoft Visual Studio Solution File, Format Version 12.00
# Visual Studio Version 16
VisualStudioVersion = 16.0.28606.126
MinimumVisualStudioVersion = 10.0.40219.1
Project("{9A19103F-16F7-4668-BE54-9A1E7A4F7556}") = "Racing.Simulation", "src\Racing.Simulation\Racing.Simulation.csproj", "{F20D2AD9-6CB0-4FD7-B029-655E24230721}"
EndProject
Project("{9A19103F-16F7-4668-BE54-9A1E7A4F7556}") = "Racing.CircuitGenerator", "src\Racing.CircuitGenerator\Racing.CircuitGenerator.csproj", "{9663F176-EF87-4355-9DFB-DE8D8A13747A}"
EndProject
Project("{9A19103F-16F7-4668-BE54-9A1E7A4F7556}") = "Racing.Model", "src\Racing.Model\Racing.Model.csproj", "{301015B0-D79E-4A43-9862-03E348E92A8C}"
EndProject
Project("{9A19103F-16F7-4668-BE54-9A1E7A4F7556}") = "Racing.Planning", "src\Racing.Planning\Racing.Planning.csproj", "{F7FF6E0E-CD85-4EF1-B038-D61881B4FF5E}"
EndProject
Project("{9A19103F-16F7-4668-BE54-9A1E7A4F7556}") = "Racing.Mathematics", "src\Racing.Mathematics\Racing.Mathematics.csproj", "{04D1DD71-6D59-4B30-A6FC-691D672C9834}"
EndProject
Project("{9A19103F-16F7-4668-BE54-9A1E7A4F7556}") = "Racing.IO", "src\Racing.IO\Racing.IO.csproj", "{F064E96A-A555-4130-96DF-7E83E07EE8E4}"
EndProject
Project("{9A19103F-16F7-4668-BE54-9A1E7A4F7556}") = "Racing.Evolution", "src\Racing.Evolution\Racing.Evolution.csproj", "{757FF07B-013B-41BA-B31C-E9E80B546AFD}"
EndProject
Project("{FAE04EC0-301F-11D3-BF4B-00C04F79EFBC}") = "Racing.ReactiveAgents", "Racing.ReactiveAgents\Racing.ReactiveAgents.csproj", "{A71C422A-A9A7-48E3-B6CA-937BD070405D}"
EndProject
Global
	GlobalSection(SolutionConfigurationPlatforms) = preSolution
		Debug|Any CPU = Debug|Any CPU
		Debug|ARM = Debug|ARM
		Debug|ARM64 = Debug|ARM64
		Debug|x64 = Debug|x64
		Debug|x86 = Debug|x86
		Release|Any CPU = Release|Any CPU
		Release|ARM = Release|ARM
		Release|ARM64 = Release|ARM64
		Release|x64 = Release|x64
		Release|x86 = Release|x86
	EndGlobalSection
	GlobalSection(ProjectConfigurationPlatforms) = postSolution
		{F20D2AD9-6CB0-4FD7-B029-655E24230721}.Debug|Any CPU.ActiveCfg = Debug|Any CPU
		{F20D2AD9-6CB0-4FD7-B029-655E24230721}.Debug|Any CPU.Build.0 = Debug|Any CPU
		{F20D2AD9-6CB0-4FD7-B029-655E24230721}.Debug|ARM.ActiveCfg = Debug|Any CPU
		{F20D2AD9-6CB0-4FD7-B029-655E24230721}.Debug|ARM.Build.0 = Debug|Any CPU
		{F20D2AD9-6CB0-4FD7-B029-655E24230721}.Debug|ARM64.ActiveCfg = Debug|Any CPU
		{F20D2AD9-6CB0-4FD7-B029-655E24230721}.Debug|ARM64.Build.0 = Debug|Any CPU
		{F20D2AD9-6CB0-4FD7-B029-655E24230721}.Debug|x64.ActiveCfg = Debug|Any CPU
		{F20D2AD9-6CB0-4FD7-B029-655E24230721}.Debug|x64.Build.0 = Debug|Any CPU
		{F20D2AD9-6CB0-4FD7-B029-655E24230721}.Debug|x86.ActiveCfg = Debug|Any CPU
		{F20D2AD9-6CB0-4FD7-B029-655E24230721}.Debug|x86.Build.0 = Debug|Any CPU
		{F20D2AD9-6CB0-4FD7-B029-655E24230721}.Release|Any CPU.ActiveCfg = Release|Any CPU
		{F20D2AD9-6CB0-4FD7-B029-655E24230721}.Release|Any CPU.Build.0 = Release|Any CPU
		{F20D2AD9-6CB0-4FD7-B029-655E24230721}.Release|ARM.ActiveCfg = Release|Any CPU
		{F20D2AD9-6CB0-4FD7-B029-655E24230721}.Release|ARM.Build.0 = Release|Any CPU
		{F20D2AD9-6CB0-4FD7-B029-655E24230721}.Release|ARM64.ActiveCfg = Release|Any CPU
		{F20D2AD9-6CB0-4FD7-B029-655E24230721}.Release|ARM64.Build.0 = Release|Any CPU
		{F20D2AD9-6CB0-4FD7-B029-655E24230721}.Release|x64.ActiveCfg = Release|Any CPU
		{F20D2AD9-6CB0-4FD7-B029-655E24230721}.Release|x64.Build.0 = Release|Any CPU
		{F20D2AD9-6CB0-4FD7-B029-655E24230721}.Release|x86.ActiveCfg = Release|Any CPU
		{F20D2AD9-6CB0-4FD7-B029-655E24230721}.Release|x86.Build.0 = Release|Any CPU
		{9663F176-EF87-4355-9DFB-DE8D8A13747A}.Debug|Any CPU.ActiveCfg = Debug|Any CPU
		{9663F176-EF87-4355-9DFB-DE8D8A13747A}.Debug|Any CPU.Build.0 = Debug|Any CPU
		{9663F176-EF87-4355-9DFB-DE8D8A13747A}.Debug|ARM.ActiveCfg = Debug|Any CPU
		{9663F176-EF87-4355-9DFB-DE8D8A13747A}.Debug|ARM.Build.0 = Debug|Any CPU
		{9663F176-EF87-4355-9DFB-DE8D8A13747A}.Debug|ARM64.ActiveCfg = Debug|Any CPU
		{9663F176-EF87-4355-9DFB-DE8D8A13747A}.Debug|ARM64.Build.0 = Debug|Any CPU
		{9663F176-EF87-4355-9DFB-DE8D8A13747A}.Debug|x64.ActiveCfg = Debug|Any CPU
		{9663F176-EF87-4355-9DFB-DE8D8A13747A}.Debug|x64.Build.0 = Debug|Any CPU
		{9663F176-EF87-4355-9DFB-DE8D8A13747A}.Debug|x86.ActiveCfg = Debug|Any CPU
		{9663F176-EF87-4355-9DFB-DE8D8A13747A}.Debug|x86.Build.0 = Debug|Any CPU
		{9663F176-EF87-4355-9DFB-DE8D8A13747A}.Release|Any CPU.ActiveCfg = Release|Any CPU
		{9663F176-EF87-4355-9DFB-DE8D8A13747A}.Release|Any CPU.Build.0 = Release|Any CPU
		{9663F176-EF87-4355-9DFB-DE8D8A13747A}.Release|ARM.ActiveCfg = Release|Any CPU
		{9663F176-EF87-4355-9DFB-DE8D8A13747A}.Release|ARM.Build.0 = Release|Any CPU
		{9663F176-EF87-4355-9DFB-DE8D8A13747A}.Release|ARM64.ActiveCfg = Release|Any CPU
		{9663F176-EF87-4355-9DFB-DE8D8A13747A}.Release|ARM64.Build.0 = Release|Any CPU
		{9663F176-EF87-4355-9DFB-DE8D8A13747A}.Release|x64.ActiveCfg = Release|Any CPU
		{9663F176-EF87-4355-9DFB-DE8D8A13747A}.Release|x64.Build.0 = Release|Any CPU
		{9663F176-EF87-4355-9DFB-DE8D8A13747A}.Release|x86.ActiveCfg = Release|Any CPU
		{9663F176-EF87-4355-9DFB-DE8D8A13747A}.Release|x86.Build.0 = Release|Any CPU
		{301015B0-D79E-4A43-9862-03E348E92A8C}.Debug|Any CPU.ActiveCfg = Debug|Any CPU
		{301015B0-D79E-4A43-9862-03E348E92A8C}.Debug|Any CPU.Build.0 = Debug|Any CPU
		{301015B0-D79E-4A43-9862-03E348E92A8C}.Debug|ARM.ActiveCfg = Debug|Any CPU
		{301015B0-D79E-4A43-9862-03E348E92A8C}.Debug|ARM.Build.0 = Debug|Any CPU
		{301015B0-D79E-4A43-9862-03E348E92A8C}.Debug|ARM64.ActiveCfg = Debug|Any CPU
		{301015B0-D79E-4A43-9862-03E348E92A8C}.Debug|ARM64.Build.0 = Debug|Any CPU
		{301015B0-D79E-4A43-9862-03E348E92A8C}.Debug|x64.ActiveCfg = Debug|Any CPU
		{301015B0-D79E-4A43-9862-03E348E92A8C}.Debug|x64.Build.0 = Debug|Any CPU
		{301015B0-D79E-4A43-9862-03E348E92A8C}.Debug|x86.ActiveCfg = Debug|Any CPU
		{301015B0-D79E-4A43-9862-03E348E92A8C}.Debug|x86.Build.0 = Debug|Any CPU
		{301015B0-D79E-4A43-9862-03E348E92A8C}.Release|Any CPU.ActiveCfg = Release|Any CPU
		{301015B0-D79E-4A43-9862-03E348E92A8C}.Release|Any CPU.Build.0 = Release|Any CPU
		{301015B0-D79E-4A43-9862-03E348E92A8C}.Release|ARM.ActiveCfg = Release|Any CPU
		{301015B0-D79E-4A43-9862-03E348E92A8C}.Release|ARM.Build.0 = Release|Any CPU
		{301015B0-D79E-4A43-9862-03E348E92A8C}.Release|ARM64.ActiveCfg = Release|Any CPU
		{301015B0-D79E-4A43-9862-03E348E92A8C}.Release|ARM64.Build.0 = Release|Any CPU
		{301015B0-D79E-4A43-9862-03E348E92A8C}.Release|x64.ActiveCfg = Release|Any CPU
		{301015B0-D79E-4A43-9862-03E348E92A8C}.Release|x64.Build.0 = Release|Any CPU
		{301015B0-D79E-4A43-9862-03E348E92A8C}.Release|x86.ActiveCfg = Release|Any CPU
		{301015B0-D79E-4A43-9862-03E348E92A8C}.Release|x86.Build.0 = Release|Any CPU
		{F7FF6E0E-CD85-4EF1-B038-D61881B4FF5E}.Debug|Any CPU.ActiveCfg = Debug|Any CPU
		{F7FF6E0E-CD85-4EF1-B038-D61881B4FF5E}.Debug|Any CPU.Build.0 = Debug|Any CPU
		{F7FF6E0E-CD85-4EF1-B038-D61881B4FF5E}.Debug|ARM.ActiveCfg = Debug|Any CPU
		{F7FF6E0E-CD85-4EF1-B038-D61881B4FF5E}.Debug|ARM.Build.0 = Debug|Any CPU
		{F7FF6E0E-CD85-4EF1-B038-D61881B4FF5E}.Debug|ARM64.ActiveCfg = Debug|Any CPU
		{F7FF6E0E-CD85-4EF1-B038-D61881B4FF5E}.Debug|ARM64.Build.0 = Debug|Any CPU
		{F7FF6E0E-CD85-4EF1-B038-D61881B4FF5E}.Debug|x64.ActiveCfg = Debug|Any CPU
		{F7FF6E0E-CD85-4EF1-B038-D61881B4FF5E}.Debug|x64.Build.0 = Debug|Any CPU
		{F7FF6E0E-CD85-4EF1-B038-D61881B4FF5E}.Debug|x86.ActiveCfg = Debug|Any CPU
		{F7FF6E0E-CD85-4EF1-B038-D61881B4FF5E}.Debug|x86.Build.0 = Debug|Any CPU
		{F7FF6E0E-CD85-4EF1-B038-D61881B4FF5E}.Release|Any CPU.ActiveCfg = Release|Any CPU
		{F7FF6E0E-CD85-4EF1-B038-D61881B4FF5E}.Release|Any CPU.Build.0 = Release|Any CPU
		{F7FF6E0E-CD85-4EF1-B038-D61881B4FF5E}.Release|ARM.ActiveCfg = Release|Any CPU
		{F7FF6E0E-CD85-4EF1-B038-D61881B4FF5E}.Release|ARM.Build.0 = Release|Any CPU
		{F7FF6E0E-CD85-4EF1-B038-D61881B4FF5E}.Release|ARM64.ActiveCfg = Release|Any CPU
		{F7FF6E0E-CD85-4EF1-B038-D61881B4FF5E}.Release|ARM64.Build.0 = Release|Any CPU
		{F7FF6E0E-CD85-4EF1-B038-D61881B4FF5E}.Release|x64.ActiveCfg = Release|Any CPU
		{F7FF6E0E-CD85-4EF1-B038-D61881B4FF5E}.Release|x64.Build.0 = Release|Any CPU
		{F7FF6E0E-CD85-4EF1-B038-D61881B4FF5E}.Release|x86.ActiveCfg = Release|Any CPU
		{F7FF6E0E-CD85-4EF1-B038-D61881B4FF5E}.Release|x86.Build.0 = Release|Any CPU
		{04D1DD71-6D59-4B30-A6FC-691D672C9834}.Debug|Any CPU.ActiveCfg = Debug|Any CPU
		{04D1DD71-6D59-4B30-A6FC-691D672C9834}.Debug|Any CPU.Build.0 = Debug|Any CPU
		{04D1DD71-6D59-4B30-A6FC-691D672C9834}.Debug|ARM.ActiveCfg = Debug|Any CPU
		{04D1DD71-6D59-4B30-A6FC-691D672C9834}.Debug|ARM.Build.0 = Debug|Any CPU
		{04D1DD71-6D59-4B30-A6FC-691D672C9834}.Debug|ARM64.ActiveCfg = Debug|Any CPU
		{04D1DD71-6D59-4B30-A6FC-691D672C9834}.Debug|ARM64.Build.0 = Debug|Any CPU
		{04D1DD71-6D59-4B30-A6FC-691D672C9834}.Debug|x64.ActiveCfg = Debug|Any CPU
		{04D1DD71-6D59-4B30-A6FC-691D672C9834}.Debug|x64.Build.0 = Debug|Any CPU
		{04D1DD71-6D59-4B30-A6FC-691D672C9834}.Debug|x86.ActiveCfg = Debug|Any CPU
		{04D1DD71-6D59-4B30-A6FC-691D672C9834}.Debug|x86.Build.0 = Debug|Any CPU
		{04D1DD71-6D59-4B30-A6FC-691D672C9834}.Release|Any CPU.ActiveCfg = Release|Any CPU
		{04D1DD71-6D59-4B30-A6FC-691D672C9834}.Release|Any CPU.Build.0 = Release|Any CPU
		{04D1DD71-6D59-4B30-A6FC-691D672C9834}.Release|ARM.ActiveCfg = Release|Any CPU
		{04D1DD71-6D59-4B30-A6FC-691D672C9834}.Release|ARM.Build.0 = Release|Any CPU
		{04D1DD71-6D59-4B30-A6FC-691D672C9834}.Release|ARM64.ActiveCfg = Release|Any CPU
		{04D1DD71-6D59-4B30-A6FC-691D672C9834}.Release|ARM64.Build.0 = Release|Any CPU
		{04D1DD71-6D59-4B30-A6FC-691D672C9834}.Release|x64.ActiveCfg = Release|Any CPU
		{04D1DD71-6D59-4B30-A6FC-691D672C9834}.Release|x64.Build.0 = Release|Any CPU
		{04D1DD71-6D59-4B30-A6FC-691D672C9834}.Release|x86.ActiveCfg = Release|Any CPU
		{04D1DD71-6D59-4B30-A6FC-691D672C9834}.Release|x86.Build.0 = Release|Any CPU
		{F064E96A-A555-4130-96DF-7E83E07EE8E4}.Debug|Any CPU.ActiveCfg = Debug|Any CPU
		{F064E96A-A555-4130-96DF-7E83E07EE8E4}.Debug|Any CPU.Build.0 = Debug|Any CPU
		{F064E96A-A555-4130-96DF-7E83E07EE8E4}.Debug|ARM.ActiveCfg = Debug|Any CPU
		{F064E96A-A555-4130-96DF-7E83E07EE8E4}.Debug|ARM.Build.0 = Debug|Any CPU
		{F064E96A-A555-4130-96DF-7E83E07EE8E4}.Debug|ARM64.ActiveCfg = Debug|Any CPU
		{F064E96A-A555-4130-96DF-7E83E07EE8E4}.Debug|ARM64.Build.0 = Debug|Any CPU
		{F064E96A-A555-4130-96DF-7E83E07EE8E4}.Debug|x64.ActiveCfg = Debug|Any CPU
		{F064E96A-A555-4130-96DF-7E83E07EE8E4}.Debug|x64.Build.0 = Debug|Any CPU
		{F064E96A-A555-4130-96DF-7E83E07EE8E4}.Debug|x86.ActiveCfg = Debug|Any CPU
		{F064E96A-A555-4130-96DF-7E83E07EE8E4}.Debug|x86.Build.0 = Debug|Any CPU
		{F064E96A-A555-4130-96DF-7E83E07EE8E4}.Release|Any CPU.ActiveCfg = Release|Any CPU
		{F064E96A-A555-4130-96DF-7E83E07EE8E4}.Release|Any CPU.Build.0 = Release|Any CPU
		{F064E96A-A555-4130-96DF-7E83E07EE8E4}.Release|ARM.ActiveCfg = Release|Any CPU
		{F064E96A-A555-4130-96DF-7E83E07EE8E4}.Release|ARM.Build.0 = Release|Any CPU
		{F064E96A-A555-4130-96DF-7E83E07EE8E4}.Release|ARM64.ActiveCfg = Release|Any CPU
		{F064E96A-A555-4130-96DF-7E83E07EE8E4}.Release|ARM64.Build.0 = Release|Any CPU
		{F064E96A-A555-4130-96DF-7E83E07EE8E4}.Release|x64.ActiveCfg = Release|Any CPU
		{F064E96A-A555-4130-96DF-7E83E07EE8E4}.Release|x64.Build.0 = Release|Any CPU
		{F064E96A-A555-4130-96DF-7E83E07EE8E4}.Release|x86.ActiveCfg = Release|Any CPU
		{F064E96A-A555-4130-96DF-7E83E07EE8E4}.Release|x86.Build.0 = Release|Any CPU
		{757FF07B-013B-41BA-B31C-E9E80B546AFD}.Debug|Any CPU.ActiveCfg = Debug|Any CPU
		{757FF07B-013B-41BA-B31C-E9E80B546AFD}.Debug|Any CPU.Build.0 = Debug|Any CPU
		{757FF07B-013B-41BA-B31C-E9E80B546AFD}.Debug|ARM.ActiveCfg = Debug|Any CPU
		{757FF07B-013B-41BA-B31C-E9E80B546AFD}.Debug|ARM.Build.0 = Debug|Any CPU
		{757FF07B-013B-41BA-B31C-E9E80B546AFD}.Debug|ARM64.ActiveCfg = Debug|Any CPU
		{757FF07B-013B-41BA-B31C-E9E80B546AFD}.Debug|ARM64.Build.0 = Debug|Any CPU
		{757FF07B-013B-41BA-B31C-E9E80B546AFD}.Debug|x64.ActiveCfg = Debug|Any CPU
		{757FF07B-013B-41BA-B31C-E9E80B546AFD}.Debug|x64.Build.0 = Debug|Any CPU
		{757FF07B-013B-41BA-B31C-E9E80B546AFD}.Debug|x86.ActiveCfg = Debug|Any CPU
		{757FF07B-013B-41BA-B31C-E9E80B546AFD}.Debug|x86.Build.0 = Debug|Any CPU
		{757FF07B-013B-41BA-B31C-E9E80B546AFD}.Release|Any CPU.ActiveCfg = Release|Any CPU
		{757FF07B-013B-41BA-B31C-E9E80B546AFD}.Release|Any CPU.Build.0 = Release|Any CPU
		{757FF07B-013B-41BA-B31C-E9E80B546AFD}.Release|ARM.ActiveCfg = Release|Any CPU
		{757FF07B-013B-41BA-B31C-E9E80B546AFD}.Release|ARM.Build.0 = Release|Any CPU
		{757FF07B-013B-41BA-B31C-E9E80B546AFD}.Release|ARM64.ActiveCfg = Release|Any CPU
		{757FF07B-013B-41BA-B31C-E9E80B546AFD}.Release|ARM64.Build.0 = Release|Any CPU
		{757FF07B-013B-41BA-B31C-E9E80B546AFD}.Release|x64.ActiveCfg = Release|Any CPU
		{757FF07B-013B-41BA-B31C-E9E80B546AFD}.Release|x64.Build.0 = Release|Any CPU
		{757FF07B-013B-41BA-B31C-E9E80B546AFD}.Release|x86.ActiveCfg = Release|Any CPU
		{757FF07B-013B-41BA-B31C-E9E80B546AFD}.Release|x86.Build.0 = Release|Any CPU
		{A71C422A-A9A7-48E3-B6CA-937BD070405D}.Debug|Any CPU.ActiveCfg = Debug|Any CPU
		{A71C422A-A9A7-48E3-B6CA-937BD070405D}.Debug|Any CPU.Build.0 = Debug|Any CPU
		{A71C422A-A9A7-48E3-B6CA-937BD070405D}.Debug|ARM.ActiveCfg = Debug|Any CPU
		{A71C422A-A9A7-48E3-B6CA-937BD070405D}.Debug|ARM.Build.0 = Debug|Any CPU
		{A71C422A-A9A7-48E3-B6CA-937BD070405D}.Debug|ARM64.ActiveCfg = Debug|Any CPU
		{A71C422A-A9A7-48E3-B6CA-937BD070405D}.Debug|ARM64.Build.0 = Debug|Any CPU
		{A71C422A-A9A7-48E3-B6CA-937BD070405D}.Debug|x64.ActiveCfg = Debug|Any CPU
		{A71C422A-A9A7-48E3-B6CA-937BD070405D}.Debug|x64.Build.0 = Debug|Any CPU
		{A71C422A-A9A7-48E3-B6CA-937BD070405D}.Debug|x86.ActiveCfg = Debug|Any CPU
		{A71C422A-A9A7-48E3-B6CA-937BD070405D}.Debug|x86.Build.0 = Debug|Any CPU
		{A71C422A-A9A7-48E3-B6CA-937BD070405D}.Release|Any CPU.ActiveCfg = Release|Any CPU
		{A71C422A-A9A7-48E3-B6CA-937BD070405D}.Release|Any CPU.Build.0 = Release|Any CPU
		{A71C422A-A9A7-48E3-B6CA-937BD070405D}.Release|ARM.ActiveCfg = Release|Any CPU
		{A71C422A-A9A7-48E3-B6CA-937BD070405D}.Release|ARM.Build.0 = Release|Any CPU
		{A71C422A-A9A7-48E3-B6CA-937BD070405D}.Release|ARM64.ActiveCfg = Release|Any CPU
		{A71C422A-A9A7-48E3-B6CA-937BD070405D}.Release|ARM64.Build.0 = Release|Any CPU
		{A71C422A-A9A7-48E3-B6CA-937BD070405D}.Release|x64.ActiveCfg = Release|Any CPU
		{A71C422A-A9A7-48E3-B6CA-937BD070405D}.Release|x64.Build.0 = Release|Any CPU
		{A71C422A-A9A7-48E3-B6CA-937BD070405D}.Release|x86.ActiveCfg = Release|Any CPU
		{A71C422A-A9A7-48E3-B6CA-937BD070405D}.Release|x86.Build.0 = Release|Any CPU
	EndGlobalSection
	GlobalSection(SolutionProperties) = preSolution
		HideSolutionNode = FALSE
	EndGlobalSection
	GlobalSection(ExtensibilityGlobals) = postSolution
		SolutionGuid = {36AE95B6-2082-461B-B136-82D300A9106B}
	EndGlobalSection
EndGlobal
